# This file is autogenerated, do not edit; changes may be undone by the next 'dep ensure'.


[[projects]]
  branch = "master"
  name = "github.com/beego/mux"
  packages = ["."]
  revision = "38fddcbf1be964bbc26c0cf7b91157719cfdb56f"

[solve-meta]
  analyzer-name = "dep"
  analyzer-version = 1
  inputs-digest = "0ce91a18bb73f26acaae79280769fd3dcba59260affdbd3de1f0b5c2829e5847"
  solver-name = "gps-cdcl"
  solver-version = 1
